
Microsoft Visual Studio Solution File, Format Version 12.00
Project("{FAE04EC0-301F-11D3-BF4B-00C04F79EFBC}") = "lab01", "lab01\lab01.csproj", "{E89E478A-A16F-4EF0-8AFC-2B23356AC0D2}"
EndProject
Project("{FAE04EC0-301F-11D3-BF4B-00C04F79EFBC}") = "lab01.tests", "lab01.tests\lab01.tests.csproj", "{761481EE-C5DC-4A06-959A-8A7596F6FFD3}"
EndProject
Project("{FAE04EC0-301F-11D3-BF4B-00C04F79EFBC}") = "lab02", "lab02\lab02.csproj", "{E623EB05-01A4-4C3D-8C8D-70A7630F601F}"
EndProject
Project("{FAE04EC0-301F-11D3-BF4B-00C04F79EFBC}") = "lab03", "lab03\lab03.csproj", "{75998AFD-842A-43F7-A5C0-D144EAF55970}"
EndProject
Project("{FAE04EC0-301F-11D3-BF4B-00C04F79EFBC}") = "lab04", "lab04\lab04.csproj", "{D8D2FF9B-F708-4084-B0CB-5317002F8EE9}"
EndProject
Project("{FAE04EC0-301F-11D3-BF4B-00C04F79EFBC}") = "lab05", "lab05\lab05.csproj", "{9A923EBE-CB0C-447F-80B7-85D4B48BD810}"
EndProject
Project("{FAE04EC0-301F-11D3-BF4B-00C04F79EFBC}") = "lab06", "lab06\lab06.csproj", "{0A4F7CF7-705C-4F4E-A297-0F6FA21D42AE}"
EndProject
Project("{FAE04EC0-301F-11D3-BF4B-00C04F79EFBC}") = "lab07", "lab07\lab07.csproj", "{D040401B-813C-4FAE-8689-B97C7292FE29}"
EndProject
Global
	GlobalSection(SolutionConfigurationPlatforms) = preSolution
		Debug|Any CPU = Debug|Any CPU
		Release|Any CPU = Release|Any CPU
	EndGlobalSection
	GlobalSection(ProjectConfigurationPlatforms) = postSolution
		{E89E478A-A16F-4EF0-8AFC-2B23356AC0D2}.Debug|Any CPU.ActiveCfg = Debug|Any CPU
		{E89E478A-A16F-4EF0-8AFC-2B23356AC0D2}.Debug|Any CPU.Build.0 = Debug|Any CPU
		{E89E478A-A16F-4EF0-8AFC-2B23356AC0D2}.Release|Any CPU.ActiveCfg = Release|Any CPU
		{E89E478A-A16F-4EF0-8AFC-2B23356AC0D2}.Release|Any CPU.Build.0 = Release|Any CPU
		{761481EE-C5DC-4A06-959A-8A7596F6FFD3}.Debug|Any CPU.ActiveCfg = Debug|Any CPU
		{761481EE-C5DC-4A06-959A-8A7596F6FFD3}.Debug|Any CPU.Build.0 = Debug|Any CPU
		{761481EE-C5DC-4A06-959A-8A7596F6FFD3}.Release|Any CPU.ActiveCfg = Release|Any CPU
		{761481EE-C5DC-4A06-959A-8A7596F6FFD3}.Release|Any CPU.Build.0 = Release|Any CPU
		{E623EB05-01A4-4C3D-8C8D-70A7630F601F}.Debug|Any CPU.ActiveCfg = Debug|Any CPU
		{E623EB05-01A4-4C3D-8C8D-70A7630F601F}.Debug|Any CPU.Build.0 = Debug|Any CPU
		{E623EB05-01A4-4C3D-8C8D-70A7630F601F}.Release|Any CPU.ActiveCfg = Release|Any CPU
		{E623EB05-01A4-4C3D-8C8D-70A7630F601F}.Release|Any CPU.Build.0 = Release|Any CPU
		{75998AFD-842A-43F7-A5C0-D144EAF55970}.Debug|Any CPU.ActiveCfg = Debug|Any CPU
		{75998AFD-842A-43F7-A5C0-D144EAF55970}.Debug|Any CPU.Build.0 = Debug|Any CPU
		{75998AFD-842A-43F7-A5C0-D144EAF55970}.Release|Any CPU.ActiveCfg = Release|Any CPU
		{75998AFD-842A-43F7-A5C0-D144EAF55970}.Release|Any CPU.Build.0 = Release|Any CPU
		{D8D2FF9B-F708-4084-B0CB-5317002F8EE9}.Debug|Any CPU.ActiveCfg = Debug|Any CPU
		{D8D2FF9B-F708-4084-B0CB-5317002F8EE9}.Debug|Any CPU.Build.0 = Debug|Any CPU
		{D8D2FF9B-F708-4084-B0CB-5317002F8EE9}.Release|Any CPU.ActiveCfg = Release|Any CPU
		{D8D2FF9B-F708-4084-B0CB-5317002F8EE9}.Release|Any CPU.Build.0 = Release|Any CPU
		{9A923EBE-CB0C-447F-80B7-85D4B48BD810}.Debug|Any CPU.ActiveCfg = Debug|Any CPU
		{9A923EBE-CB0C-447F-80B7-85D4B48BD810}.Debug|Any CPU.Build.0 = Debug|Any CPU
		{9A923EBE-CB0C-447F-80B7-85D4B48BD810}.Release|Any CPU.ActiveCfg = Release|Any CPU
		{9A923EBE-CB0C-447F-80B7-85D4B48BD810}.Release|Any CPU.Build.0 = Release|Any CPU
		{0A4F7CF7-705C-4F4E-A297-0F6FA21D42AE}.Debug|Any CPU.ActiveCfg = Debug|Any CPU
		{0A4F7CF7-705C-4F4E-A297-0F6FA21D42AE}.Debug|Any CPU.Build.0 = Debug|Any CPU
		{0A4F7CF7-705C-4F4E-A297-0F6FA21D42AE}.Release|Any CPU.ActiveCfg = Release|Any CPU
		{0A4F7CF7-705C-4F4E-A297-0F6FA21D42AE}.Release|Any CPU.Build.0 = Release|Any CPU
		{D040401B-813C-4FAE-8689-B97C7292FE29}.Debug|Any CPU.ActiveCfg = Debug|Any CPU
		{D040401B-813C-4FAE-8689-B97C7292FE29}.Debug|Any CPU.Build.0 = Debug|Any CPU
		{D040401B-813C-4FAE-8689-B97C7292FE29}.Release|Any CPU.ActiveCfg = Release|Any CPU
		{D040401B-813C-4FAE-8689-B97C7292FE29}.Release|Any CPU.Build.0 = Release|Any CPU
	EndGlobalSection
EndGlobal
